
Microsoft Visual Studio Solution File, Format Version 12.00
Project("{2150E333-8FDC-42A3-9474-1A3956D46DE8}") = "TaskManager.RestApi", "TaskManager.RestApi", "{1FE68260-E3BE-4842-B96A-4A4CE796E98B}"
EndProject
Project("{2150E333-8FDC-42A3-9474-1A3956D46DE8}") = "TaskManager.RestApi.UnitTests", "TaskManager.RestApi.UnitTests", "{EEBD6783-8AC6-4BFA-B7AC-4B88286BE80B}"
EndProject
Project("{2150E333-8FDC-42A3-9474-1A3956D46DE8}") = "Core", "Core", "{6601FBF2-6400-47B4-B761-E84125E056D4}"
EndProject
Project("{2150E333-8FDC-42A3-9474-1A3956D46DE8}") = "Service", "Service", "{132C0718-6088-4D95-A9B0-66E639C87345}"
EndProject
Project("{2150E333-8FDC-42A3-9474-1A3956D46DE8}") = "Net", "Net", "{D56505DB-39C9-463A-BDC8-D39F2931A36F}"
EndProject
Project("{FAE04EC0-301F-11D3-BF4B-00C04F79EFBC}") = "TaskManager.Model", "TaskManager.Model\TaskManager.Model.csproj", "{8B536FF3-2104-44B0-B967-8671465AD96B}"
EndProject
Project("{FAE04EC0-301F-11D3-BF4B-00C04F79EFBC}") = "TaskManager.Application", "TaskManager.Application\TaskManager.Application.csproj", "{74A3E649-2C3F-4757-8416-44F31E386764}"
EndProject
Project("{FAE04EC0-301F-11D3-BF4B-00C04F79EFBC}") = "TaskManager.Service", "TaskManager.Service\TaskManager.Service.csproj", "{BE8FEFEB-3227-40D4-9D10-140374AA1E6C}"
EndProject
Project("{FAE04EC0-301F-11D3-BF4B-00C04F79EFBC}") = "TaskManager.Api", "TaskManager.Api\TaskManager.Api.csproj", "{4CD65D24-DB94-4C3F-B2F0-E2959E6D4604}"
EndProject
Global
	GlobalSection(SolutionConfigurationPlatforms) = preSolution
		Debug|Any CPU = Debug|Any CPU
		Release|Any CPU = Release|Any CPU
	EndGlobalSection
	GlobalSection(NestedProjects) = preSolution
		{6601FBF2-6400-47B4-B761-E84125E056D4} = {1FE68260-E3BE-4842-B96A-4A4CE796E98B}
		{132C0718-6088-4D95-A9B0-66E639C87345} = {1FE68260-E3BE-4842-B96A-4A4CE796E98B}
		{D56505DB-39C9-463A-BDC8-D39F2931A36F} = {1FE68260-E3BE-4842-B96A-4A4CE796E98B}
		{8B536FF3-2104-44B0-B967-8671465AD96B} = {6601FBF2-6400-47B4-B761-E84125E056D4}
		{74A3E649-2C3F-4757-8416-44F31E386764} = {6601FBF2-6400-47B4-B761-E84125E056D4}
		{BE8FEFEB-3227-40D4-9D10-140374AA1E6C} = {132C0718-6088-4D95-A9B0-66E639C87345}
		{4CD65D24-DB94-4C3F-B2F0-E2959E6D4604} = {D56505DB-39C9-463A-BDC8-D39F2931A36F}
	EndGlobalSection
	GlobalSection(ProjectConfigurationPlatforms) = postSolution
		{8B536FF3-2104-44B0-B967-8671465AD96B}.Debug|Any CPU.ActiveCfg = Debug|Any CPU
		{8B536FF3-2104-44B0-B967-8671465AD96B}.Debug|Any CPU.Build.0 = Debug|Any CPU
		{8B536FF3-2104-44B0-B967-8671465AD96B}.Release|Any CPU.ActiveCfg = Release|Any CPU
		{8B536FF3-2104-44B0-B967-8671465AD96B}.Release|Any CPU.Build.0 = Release|Any CPU
		{74A3E649-2C3F-4757-8416-44F31E386764}.Debug|Any CPU.ActiveCfg = Debug|Any CPU
		{74A3E649-2C3F-4757-8416-44F31E386764}.Debug|Any CPU.Build.0 = Debug|Any CPU
		{74A3E649-2C3F-4757-8416-44F31E386764}.Release|Any CPU.ActiveCfg = Release|Any CPU
		{74A3E649-2C3F-4757-8416-44F31E386764}.Release|Any CPU.Build.0 = Release|Any CPU
		{BE8FEFEB-3227-40D4-9D10-140374AA1E6C}.Debug|Any CPU.ActiveCfg = Debug|Any CPU
		{BE8FEFEB-3227-40D4-9D10-140374AA1E6C}.Debug|Any CPU.Build.0 = Debug|Any CPU
		{BE8FEFEB-3227-40D4-9D10-140374AA1E6C}.Release|Any CPU.ActiveCfg = Release|Any CPU
		{BE8FEFEB-3227-40D4-9D10-140374AA1E6C}.Release|Any CPU.Build.0 = Release|Any CPU
		{4CD65D24-DB94-4C3F-B2F0-E2959E6D4604}.Debug|Any CPU.ActiveCfg = Debug|Any CPU
		{4CD65D24-DB94-4C3F-B2F0-E2959E6D4604}.Debug|Any CPU.Build.0 = Debug|Any CPU
		{4CD65D24-DB94-4C3F-B2F0-E2959E6D4604}.Release|Any CPU.ActiveCfg = Release|Any CPU
		{4CD65D24-DB94-4C3F-B2F0-E2959E6D4604}.Release|Any CPU.Build.0 = Release|Any CPU
	EndGlobalSection
EndGlobal
