
Microsoft Visual Studio Solution File, Format Version 12.00
Project("{FAE04EC0-301F-11D3-BF4B-00C04F79EFBC}") = "PokemonReviewApp", "PokemonReviewApp\PokemonReviewApp.csproj", "{C630403A-0414-44E1-83F9-04C2F6F212EA}"
EndProject
Global
	GlobalSection(SolutionConfigurationPlatforms) = preSolution
		Debug|Any CPU = Debug|Any CPU
		Release|Any CPU = Release|Any CPU
	EndGlobalSection
	GlobalSection(ProjectConfigurationPlatforms) = postSolution
		{C630403A-0414-44E1-83F9-04C2F6F212EA}.Debug|Any CPU.ActiveCfg = Debug|Any CPU
		{C630403A-0414-44E1-83F9-04C2F6F212EA}.Debug|Any CPU.Build.0 = Debug|Any CPU
		{C630403A-0414-44E1-83F9-04C2F6F212EA}.Release|Any CPU.ActiveCfg = Release|Any CPU
		{C630403A-0414-44E1-83F9-04C2F6F212EA}.Release|Any CPU.Build.0 = Release|Any CPU
	EndGlobalSection
EndGlobal
